# This file was autogenerated by Stack.
# You should not edit this file by hand.
# For more information, please see the documentation at:
#   https://docs.haskellstack.org/en/stable/lock_files

packages:
- completed:
    hackage: re2-0.3@sha256:1ba00062f64f21635ad4754ed5816660272341d4661d2b521f66355e77f0ba7b,1566
    pantry-tree:
      size: 385
      sha256: d53b29565b777f50db6996f49fa7eac8bf1036f3796283e30c7abe47b7b4669c
  original:
    hackage: re2-0.3
snapshots:
- completed:
    size: 537868
    url: https://raw.githubusercontent.com/commercialhaskell/stackage-snapshots/master/lts/9/21.yaml
    sha256: 0a3be91c2bce851de4755003cfb1d85d62b6f90276231fcc305729c0c5c864a9
  original: lts-9.21
